
Microsoft Visual Studio Solution File, Format Version 12.00
# Visual Studio Version 17
VisualStudioVersion = 17.4.33213.308
MinimumVisualStudioVersion = 10.0.40219.1
Project("{FAE04EC0-301F-11D3-BF4B-00C04F79EFBC}") = "AcesUp.Common", "AcesUp.Common\AcesUp.Common.csproj", "{EDED11CD-A7CE-4E08-840E-D217F4CCCC16}"
EndProject
Project("{9A19103F-16F7-4668-BE54-9A1E7A4F7556}") = "AcesUp.ConsoleApp", "AcesUp.ConsoleApp\AcesUp.ConsoleApp.csproj", "{91C3D145-D216-4A40-B96D-444971EE4DB4}"
EndProject
Project("{FAE04EC0-301F-11D3-BF4B-00C04F79EFBC}") = "AcesUp.Common.Tests", "AcesUp.Common.Tests\AcesUp.Common.Tests.csproj", "{425CFEC0-0A35-4F20-AB0F-27CB0797EA4A}"
EndProject
Global
	GlobalSection(SolutionConfigurationPlatforms) = preSolution
		Debug|Any CPU = Debug|Any CPU
		Release|Any CPU = Release|Any CPU
	EndGlobalSection
	GlobalSection(ProjectConfigurationPlatforms) = postSolution
		{EDED11CD-A7CE-4E08-840E-D217F4CCCC16}.Debug|Any CPU.ActiveCfg = Debug|Any CPU
		{EDED11CD-A7CE-4E08-840E-D217F4CCCC16}.Debug|Any CPU.Build.0 = Debug|Any CPU
		{EDED11CD-A7CE-4E08-840E-D217F4CCCC16}.Release|Any CPU.ActiveCfg = Release|Any CPU
		{EDED11CD-A7CE-4E08-840E-D217F4CCCC16}.Release|Any CPU.Build.0 = Release|Any CPU
		{91C3D145-D216-4A40-B96D-444971EE4DB4}.Debug|Any CPU.ActiveCfg = Debug|Any CPU
		{91C3D145-D216-4A40-B96D-444971EE4DB4}.Debug|Any CPU.Build.0 = Debug|Any CPU
		{91C3D145-D216-4A40-B96D-444971EE4DB4}.Release|Any CPU.ActiveCfg = Release|Any CPU
		{91C3D145-D216-4A40-B96D-444971EE4DB4}.Release|Any CPU.Build.0 = Release|Any CPU
		{425CFEC0-0A35-4F20-AB0F-27CB0797EA4A}.Debug|Any CPU.ActiveCfg = Debug|Any CPU
		{425CFEC0-0A35-4F20-AB0F-27CB0797EA4A}.Debug|Any CPU.Build.0 = Debug|Any CPU
		{425CFEC0-0A35-4F20-AB0F-27CB0797EA4A}.Release|Any CPU.ActiveCfg = Release|Any CPU
		{425CFEC0-0A35-4F20-AB0F-27CB0797EA4A}.Release|Any CPU.Build.0 = Release|Any CPU
	EndGlobalSection
	GlobalSection(SolutionProperties) = preSolution
		HideSolutionNode = FALSE
	EndGlobalSection
	GlobalSection(ExtensibilityGlobals) = postSolution
		SolutionGuid = {462A88F3-7282-4EBD-B6AA-1C616C99E1D5}
	EndGlobalSection
EndGlobal
